// !$*UTF8*$!
{
	archiveVersion = 1;
	classes = {
	};
	objectVersion = 48;
	objects = {

/* Begin PBXBuildFile section */
		17534C6B45718452F18F8979 /* Pods_WaaZi_TVTests.framework in Frameworks */ = {isa = PBXBuildFile; fileRef = 3CAF77A4A34019DE52141D04 /* Pods_WaaZi_TVTests.framework */; };
		6C1DDBAC209C8DA9008F41D7 /* VideoPlayerView.swift in Sources */ = {isa = PBXBuildFile; fileRef = 6C1DDBAB209C8DA9008F41D7 /* VideoPlayerView.swift */; };
		6CC09D58209C2354000671B1 /* HomeVC.swift in Sources */ = {isa = PBXBuildFile; fileRef = 6CC09D57209C2354000671B1 /* HomeVC.swift */; };
		6CC09D5A209C2369000671B1 /* DetailsVC.swift in Sources */ = {isa = PBXBuildFile; fileRef = 6CC09D59209C2369000671B1 /* DetailsVC.swift */; };
		6CC09D5F209C3D08000671B1 /* CollectionViewCell.swift in Sources */ = {isa = PBXBuildFile; fileRef = 6CC09D5D209C3D08000671B1 /* CollectionViewCell.swift */; };
		6CC09D60209C3D08000671B1 /* CollectionViewCell.xib in Resources */ = {isa = PBXBuildFile; fileRef = 6CC09D5E209C3D08000671B1 /* CollectionViewCell.xib */; };
		6CF44C84209ACDD90054C560 /* WTUtils.swift in Sources */ = {isa = PBXBuildFile; fileRef = 6CF44C83209ACDD90054C560 /* WTUtils.swift */; };
		BA9FDE93C492A1E8848726AC /* Pods_WaaZi_TV.framework in Frameworks */ = {isa = PBXBuildFile; fileRef = 89B0A56663AFD1DF0B2FDE60 /* Pods_WaaZi_TV.framework */; };
		E391388EC92B75C369AEA0B8 /* Pods_WaaZi_TVUITests.framework in Frameworks */ = {isa = PBXBuildFile; fileRef = D8E6EAACA56220F89A221F74 /* Pods_WaaZi_TVUITests.framework */; };
		E92BA063209B487E0009AAD7 /* WTTextField.swift in Sources */ = {isa = PBXBuildFile; fileRef = E92BA062209B487E0009AAD7 /* WTTextField.swift */; };
		E92BA083209B499D0009AAD7 /* Validator.swift in Sources */ = {isa = PBXBuildFile; fileRef = E92BA06A209B49100009AAD7 /* Validator.swift */; };
		E92BA084209B49B40009AAD7 /* Validatable.swift in Sources */ = {isa = PBXBuildFile; fileRef = E92BA067209B49100009AAD7 /* Validatable.swift */; };
		E92BA085209B49B40009AAD7 /* ValidationDelegate.swift in Sources */ = {isa = PBXBuildFile; fileRef = E92BA068209B49100009AAD7 /* ValidationDelegate.swift */; };
		E92BA086209B49B40009AAD7 /* ValidationError.swift in Sources */ = {isa = PBXBuildFile; fileRef = E92BA069209B49100009AAD7 /* ValidationError.swift */; };
		E92BA087209B49B40009AAD7 /* ValidatorDictionary.swift in Sources */ = {isa = PBXBuildFile; fileRef = E92BA06B209B49100009AAD7 /* ValidatorDictionary.swift */; };
		E92BA088209B49C60009AAD7 /* AlphaNumericRule.swift in Sources */ = {isa = PBXBuildFile; fileRef = E92BA06E209B49100009AAD7 /* AlphaNumericRule.swift */; };
		E92BA089209B49C60009AAD7 /* AlphaRule.swift in Sources */ = {isa = PBXBuildFile; fileRef = E92BA06F209B49100009AAD7 /* AlphaRule.swift */; };
		E92BA08A209B49C60009AAD7 /* CharacterSetRule.swift in Sources */ = {isa = PBXBuildFile; fileRef = E92BA070209B49100009AAD7 /* CharacterSetRule.swift */; };
		E92BA08B209B49C60009AAD7 /* ConfirmRule.swift in Sources */ = {isa = PBXBuildFile; fileRef = E92BA071209B49100009AAD7 /* ConfirmRule.swift */; };
		E92BA08C209B49C60009AAD7 /* EmailRule.swift in Sources */ = {isa = PBXBuildFile; fileRef = E92BA072209B49100009AAD7 /* EmailRule.swift */; };
		E92BA08D209B49C60009AAD7 /* ExactLengthRule.swift in Sources */ = {isa = PBXBuildFile; fileRef = E92BA073209B49100009AAD7 /* ExactLengthRule.swift */; };
		E92BA08E209B49C60009AAD7 /* FloatRule.swift in Sources */ = {isa = PBXBuildFile; fileRef = E92BA074209B49100009AAD7 /* FloatRule.swift */; };
		E92BA08F209B49C60009AAD7 /* FullNameRule.swift in Sources */ = {isa = PBXBuildFile; fileRef = E92BA075209B49100009AAD7 /* FullNameRule.swift */; };
		E92BA090209B49C60009AAD7 /* HexColorRule.swift in Sources */ = {isa = PBXBuildFile; fileRef = E92BA076209B49100009AAD7 /* HexColorRule.swift */; };
		E92BA091209B49C60009AAD7 /* IPV4Rule.swift in Sources */ = {isa = PBXBuildFile; fileRef = E92BA077209B49100009AAD7 /* IPV4Rule.swift */; };
		E92BA092209B49C60009AAD7 /* ISBNRule.swift in Sources */ = {isa = PBXBuildFile; fileRef = E92BA078209B49100009AAD7 /* ISBNRule.swift */; };
		E92BA093209B49C60009AAD7 /* MaxLengthRule.swift in Sources */ = {isa = PBXBuildFile; fileRef = E92BA079209B49100009AAD7 /* MaxLengthRule.swift */; };
		E92BA094209B49C60009AAD7 /* MinLengthRule.swift in Sources */ = {isa = PBXBuildFile; fileRef = E92BA07A209B49100009AAD7 /* MinLengthRule.swift */; };
		E92BA095209B49C60009AAD7 /* PasswordRule.swift in Sources */ = {isa = PBXBuildFile; fileRef = E92BA07B209B49100009AAD7 /* PasswordRule.swift */; };
		E92BA096209B49C60009AAD7 /* PhoneNumberRule.swift in Sources */ = {isa = PBXBuildFile; fileRef = E92BA07C209B49100009AAD7 /* PhoneNumberRule.swift */; };
		E92BA097209B49C60009AAD7 /* RegexRule.swift in Sources */ = {isa = PBXBuildFile; fileRef = E92BA07D209B49100009AAD7 /* RegexRule.swift */; };
		E92BA098209B49C60009AAD7 /* RequiredRule.swift in Sources */ = {isa = PBXBuildFile; fileRef = E92BA07E209B49100009AAD7 /* RequiredRule.swift */; };
		E92BA099209B49C60009AAD7 /* Rule.swift in Sources */ = {isa = PBXBuildFile; fileRef = E92BA07F209B49100009AAD7 /* Rule.swift */; };
		E92BA09A209B49C60009AAD7 /* ValidationRule.swift in Sources */ = {isa = PBXBuildFile; fileRef = E92BA080209B49100009AAD7 /* ValidationRule.swift */; };
		E92BA09B209B49C60009AAD7 /* ZipCodeRule.swift in Sources */ = {isa = PBXBuildFile; fileRef = E92BA081209B49100009AAD7 /* ZipCodeRule.swift */; };
		E92BA09E209B4C6A0009AAD7 /* CommonExtensions.swift in Sources */ = {isa = PBXBuildFile; fileRef = E92BA09D209B4C6A0009AAD7 /* CommonExtensions.swift */; };
		E92BA0A1209B53500009AAD7 /* LeftMenuController.swift in Sources */ = {isa = PBXBuildFile; fileRef = E92BA0A0209B53500009AAD7 /* LeftMenuController.swift */; };
		E92BA0A3209B614D0009AAD7 /* MenuModel.swift in Sources */ = {isa = PBXBuildFile; fileRef = E92BA0A2209B614D0009AAD7 /* MenuModel.swift */; };
		E92BA0A5209B66F30009AAD7 /* slide_menu.json in Resources */ = {isa = PBXBuildFile; fileRef = E92BA0A4209B643C0009AAD7 /* slide_menu.json */; };
		E95EC7E0209CD561001112A1 /* VideoPlayerView.xib in Resources */ = {isa = PBXBuildFile; fileRef = E95EC7DF209CD561001112A1 /* VideoPlayerView.xib */; };
		E995A3F0209A25BE000EB94A /* AppDelegate.swift in Sources */ = {isa = PBXBuildFile; fileRef = E995A3EF209A25BE000EB94A /* AppDelegate.swift */; };
		E995A3F5209A25BE000EB94A /* Main.storyboard in Resources */ = {isa = PBXBuildFile; fileRef = E995A3F3209A25BE000EB94A /* Main.storyboard */; };
		E995A3F7209A25BE000EB94A /* Assets.xcassets in Resources */ = {isa = PBXBuildFile; fileRef = E995A3F6209A25BE000EB94A /* Assets.xcassets */; };
		E995A3FA209A25BE000EB94A /* LaunchScreen.storyboard in Resources */ = {isa = PBXBuildFile; fileRef = E995A3F8209A25BE000EB94A /* LaunchScreen.storyboard */; };
		E995A405209A25BE000EB94A /* WaaZi_TVTests.swift in Sources */ = {isa = PBXBuildFile; fileRef = E995A404209A25BE000EB94A /* WaaZi_TVTests.swift */; };
		E995A410209A25BE000EB94A /* WaaZi_TVUITests.swift in Sources */ = {isa = PBXBuildFile; fileRef = E995A40F209A25BE000EB94A /* WaaZi_TVUITests.swift */; };
		E995A423209A295B000EB94A /* BaseVC.swift in Sources */ = {isa = PBXBuildFile; fileRef = E995A422209A295B000EB94A /* BaseVC.swift */; };
		E995A427209A29A8000EB94A /* LoginVC.swift in Sources */ = {isa = PBXBuildFile; fileRef = E995A426209A29A8000EB94A /* LoginVC.swift */; };
		E995A42C209A330D000EB94A /* EndPoints.swift in Sources */ = {isa = PBXBuildFile; fileRef = E995A42B209A330D000EB94A /* EndPoints.swift */; };
		E995A432209A37D1000EB94A /* Common.swift in Sources */ = {isa = PBXBuildFile; fileRef = E995A431209A37D1000EB94A /* Common.swift */; };
		E995A434209A3A2A000EB94A /* Extensions.swift in Sources */ = {isa = PBXBuildFile; fileRef = E995A433209A3A2A000EB94A /* Extensions.swift */; };
		E995A43D209A3A81000EB94A /* RequestProtocol.swift in Sources */ = {isa = PBXBuildFile; fileRef = E995A435209A3A7F000EB94A /* RequestProtocol.swift */; };
		E995A43E209A3A81000EB94A /* ServiceConfig.swift in Sources */ = {isa = PBXBuildFile; fileRef = E995A436209A3A7F000EB94A /* ServiceConfig.swift */; };
		E995A43F209A3A81000EB94A /* Service.swift in Sources */ = {isa = PBXBuildFile; fileRef = E995A437209A3A7F000EB94A /* Service.swift */; };
		E995A440209A3A81000EB94A /* ServiceProtocol.swift in Sources */ = {isa = PBXBuildFile; fileRef = E995A438209A3A80000EB94A /* ServiceProtocol.swift */; };
		E995A441209A3A81000EB94A /* OperationProtocol.swift in Sources */ = {isa = PBXBuildFile; fileRef = E995A439209A3A80000EB94A /* OperationProtocol.swift */; };
		E995A442209A3A81000EB94A /* ResponseProtocol.swift in Sources */ = {isa = PBXBuildFile; fileRef = E995A43A209A3A80000EB94A /* ResponseProtocol.swift */; };
		E995A443209A3A81000EB94A /* Operations.swift in Sources */ = {isa = PBXBuildFile; fileRef = E995A43B209A3A80000EB94A /* Operations.swift */; };
		E995A444209A3A81000EB94A /* Request.swift in Sources */ = {isa = PBXBuildFile; fileRef = E995A43C209A3A81000EB94A /* Request.swift */; };
		E995A44A209A3E19000EB94A /* Constants.swift in Sources */ = {isa = PBXBuildFile; fileRef = E995A449209A3E19000EB94A /* Constants.swift */; };
		E9C108DA209B7BBC005A6FF2 /* NavigationController.swift in Sources */ = {isa = PBXBuildFile; fileRef = E9C108D9209B7BBC005A6FF2 /* NavigationController.swift */; };
/* End PBXBuildFile section */

/* Begin PBXContainerItemProxy section */
		E995A401209A25BE000EB94A /* PBXContainerItemProxy */ = {
			isa = PBXContainerItemProxy;
			containerPortal = E995A3E4209A25BE000EB94A /* Project object */;
			proxyType = 1;
			remoteGlobalIDString = E995A3EB209A25BE000EB94A;
			remoteInfo = "WaaZi TV";
		};
		E995A40C209A25BE000EB94A /* PBXContainerItemProxy */ = {
			isa = PBXContainerItemProxy;
			containerPortal = E995A3E4209A25BE000EB94A /* Project object */;
			proxyType = 1;
			remoteGlobalIDString = E995A3EB209A25BE000EB94A;
			remoteInfo = "WaaZi TV";
		};
/* End PBXContainerItemProxy section */

/* Begin PBXFileReference section */
		25B7E623D00DEF7B918E6B85 /* Pods-WaaZi TVTests.release.xcconfig */ = {isa = PBXFileReference; includeInIndex = 1; lastKnownFileType = text.xcconfig; name = "Pods-WaaZi TVTests.release.xcconfig"; path = "Pods/Target Support Files/Pods-WaaZi TVTests/Pods-WaaZi TVTests.release.xcconfig"; sourceTree = "<group>"; };
		2D38BED75836A4D4E7A72B86 /* Pods-WaaZi TVUITests.release.xcconfig */ = {isa = PBXFileReference; includeInIndex = 1; lastKnownFileType = text.xcconfig; name = "Pods-WaaZi TVUITests.release.xcconfig"; path = "Pods/Target Support Files/Pods-WaaZi TVUITests/Pods-WaaZi TVUITests.release.xcconfig"; sourceTree = "<group>"; };
		38C4434D591B3C442A371DB2 /* Pods-WaaZi TV.debug.xcconfig */ = {isa = PBXFileReference; includeInIndex = 1; lastKnownFileType = text.xcconfig; name = "Pods-WaaZi TV.debug.xcconfig"; path = "Pods/Target Support Files/Pods-WaaZi TV/Pods-WaaZi TV.debug.xcconfig"; sourceTree = "<group>"; };
		3CAF77A4A34019DE52141D04 /* Pods_WaaZi_TVTests.framework */ = {isa = PBXFileReference; explicitFileType = wrapper.framework; includeInIndex = 0; path = Pods_WaaZi_TVTests.framework; sourceTree = BUILT_PRODUCTS_DIR; };
		6C1DDBAB209C8DA9008F41D7 /* VideoPlayerView.swift */ = {isa = PBXFileReference; fileEncoding = 4; lastKnownFileType = sourcecode.swift; path = VideoPlayerView.swift; sourceTree = "<group>"; };
		6CC09D57209C2354000671B1 /* HomeVC.swift */ = {isa = PBXFileReference; lastKnownFileType = sourcecode.swift; path = HomeVC.swift; sourceTree = "<group>"; };
		6CC09D59209C2369000671B1 /* DetailsVC.swift */ = {isa = PBXFileReference; lastKnownFileType = sourcecode.swift; path = DetailsVC.swift; sourceTree = "<group>"; };
		6CC09D5D209C3D08000671B1 /* CollectionViewCell.swift */ = {isa = PBXFileReference; lastKnownFileType = sourcecode.swift; path = CollectionViewCell.swift; sourceTree = "<group>"; };
		6CC09D5E209C3D08000671B1 /* CollectionViewCell.xib */ = {isa = PBXFileReference; lastKnownFileType = file.xib; path = CollectionViewCell.xib; sourceTree = "<group>"; };
		6CF44C83209ACDD90054C560 /* WTUtils.swift */ = {isa = PBXFileReference; lastKnownFileType = sourcecode.swift; path = WTUtils.swift; sourceTree = "<group>"; };
		89B0A56663AFD1DF0B2FDE60 /* Pods_WaaZi_TV.framework */ = {isa = PBXFileReference; explicitFileType = wrapper.framework; includeInIndex = 0; path = Pods_WaaZi_TV.framework; sourceTree = BUILT_PRODUCTS_DIR; };
		D105F4D654251D7EB45EF427 /* Pods-WaaZi TV.release.xcconfig */ = {isa = PBXFileReference; includeInIndex = 1; lastKnownFileType = text.xcconfig; name = "Pods-WaaZi TV.release.xcconfig"; path = "Pods/Target Support Files/Pods-WaaZi TV/Pods-WaaZi TV.release.xcconfig"; sourceTree = "<group>"; };
		D8E6EAACA56220F89A221F74 /* Pods_WaaZi_TVUITests.framework */ = {isa = PBXFileReference; explicitFileType = wrapper.framework; includeInIndex = 0; path = Pods_WaaZi_TVUITests.framework; sourceTree = BUILT_PRODUCTS_DIR; };
		DA2CFBDFD45A8C67A87980C8 /* Pods-WaaZi TVUITests.debug.xcconfig */ = {isa = PBXFileReference; includeInIndex = 1; lastKnownFileType = text.xcconfig; name = "Pods-WaaZi TVUITests.debug.xcconfig"; path = "Pods/Target Support Files/Pods-WaaZi TVUITests/Pods-WaaZi TVUITests.debug.xcconfig"; sourceTree = "<group>"; };
		E8606A74E59D15A82FB3F226 /* Pods-WaaZi TVTests.debug.xcconfig */ = {isa = PBXFileReference; includeInIndex = 1; lastKnownFileType = text.xcconfig; name = "Pods-WaaZi TVTests.debug.xcconfig"; path = "Pods/Target Support Files/Pods-WaaZi TVTests/Pods-WaaZi TVTests.debug.xcconfig"; sourceTree = "<group>"; };
		E92BA062209B487E0009AAD7 /* WTTextField.swift */ = {isa = PBXFileReference; lastKnownFileType = sourcecode.swift; path = WTTextField.swift; sourceTree = "<group>"; };
		E92BA067209B49100009AAD7 /* Validatable.swift */ = {isa = PBXFileReference; lastKnownFileType = sourcecode.swift; path = Validatable.swift; sourceTree = "<group>"; };
		E92BA068209B49100009AAD7 /* ValidationDelegate.swift */ = {isa = PBXFileReference; lastKnownFileType = sourcecode.swift; path = ValidationDelegate.swift; sourceTree = "<group>"; };
		E92BA069209B49100009AAD7 /* ValidationError.swift */ = {isa = PBXFileReference; lastKnownFileType = sourcecode.swift; path = ValidationError.swift; sourceTree = "<group>"; };
		E92BA06A209B49100009AAD7 /* Validator.swift */ = {isa = PBXFileReference; lastKnownFileType = sourcecode.swift; path = Validator.swift; sourceTree = "<group>"; };
		E92BA06B209B49100009AAD7 /* ValidatorDictionary.swift */ = {isa = PBXFileReference; lastKnownFileType = sourcecode.swift; path = ValidatorDictionary.swift; sourceTree = "<group>"; };
		E92BA06E209B49100009AAD7 /* AlphaNumericRule.swift */ = {isa = PBXFileReference; lastKnownFileType = sourcecode.swift; path = AlphaNumericRule.swift; sourceTree = "<group>"; };
		E92BA06F209B49100009AAD7 /* AlphaRule.swift */ = {isa = PBXFileReference; lastKnownFileType = sourcecode.swift; path = AlphaRule.swift; sourceTree = "<group>"; };
		E92BA070209B49100009AAD7 /* CharacterSetRule.swift */ = {isa = PBXFileReference; lastKnownFileType = sourcecode.swift; path = CharacterSetRule.swift; sourceTree = "<group>"; };
		E92BA071209B49100009AAD7 /* ConfirmRule.swift */ = {isa = PBXFileReference; lastKnownFileType = sourcecode.swift; path = ConfirmRule.swift; sourceTree = "<group>"; };
		E92BA072209B49100009AAD7 /* EmailRule.swift */ = {isa = PBXFileReference; lastKnownFileType = sourcecode.swift; path = EmailRule.swift; sourceTree = "<group>"; };
		E92BA073209B49100009AAD7 /* ExactLengthRule.swift */ = {isa = PBXFileReference; lastKnownFileType = sourcecode.swift; path = ExactLengthRule.swift; sourceTree = "<group>"; };
		E92BA074209B49100009AAD7 /* FloatRule.swift */ = {isa = PBXFileReference; lastKnownFileType = sourcecode.swift; path = FloatRule.swift; sourceTree = "<group>"; };
		E92BA075209B49100009AAD7 /* FullNameRule.swift */ = {isa = PBXFileReference; lastKnownFileType = sourcecode.swift; path = FullNameRule.swift; sourceTree = "<group>"; };
		E92BA076209B49100009AAD7 /* HexColorRule.swift */ = {isa = PBXFileReference; lastKnownFileType = sourcecode.swift; path = HexColorRule.swift; sourceTree = "<group>"; };
		E92BA077209B49100009AAD7 /* IPV4Rule.swift */ = {isa = PBXFileReference; lastKnownFileType = sourcecode.swift; path = IPV4Rule.swift; sourceTree = "<group>"; };
		E92BA078209B49100009AAD7 /* ISBNRule.swift */ = {isa = PBXFileReference; lastKnownFileType = sourcecode.swift; path = ISBNRule.swift; sourceTree = "<group>"; };
		E92BA079209B49100009AAD7 /* MaxLengthRule.swift */ = {isa = PBXFileReference; lastKnownFileType = sourcecode.swift; path = MaxLengthRule.swift; sourceTree = "<group>"; };
		E92BA07A209B49100009AAD7 /* MinLengthRule.swift */ = {isa = PBXFileReference; lastKnownFileType = sourcecode.swift; path = MinLengthRule.swift; sourceTree = "<group>"; };
		E92BA07B209B49100009AAD7 /* PasswordRule.swift */ = {isa = PBXFileReference; lastKnownFileType = sourcecode.swift; path = PasswordRule.swift; sourceTree = "<group>"; };
		E92BA07C209B49100009AAD7 /* PhoneNumberRule.swift */ = {isa = PBXFileReference; lastKnownFileType = sourcecode.swift; path = PhoneNumberRule.swift; sourceTree = "<group>"; };
		E92BA07D209B49100009AAD7 /* RegexRule.swift */ = {isa = PBXFileReference; lastKnownFileType = sourcecode.swift; path = RegexRule.swift; sourceTree = "<group>"; };
		E92BA07E209B49100009AAD7 /* RequiredRule.swift */ = {isa = PBXFileReference; lastKnownFileType = sourcecode.swift; path = RequiredRule.swift; sourceTree = "<group>"; };
		E92BA07F209B49100009AAD7 /* Rule.swift */ = {isa = PBXFileReference; lastKnownFileType = sourcecode.swift; path = Rule.swift; sourceTree = "<group>"; };
		E92BA080209B49100009AAD7 /* ValidationRule.swift */ = {isa = PBXFileReference; lastKnownFileType = sourcecode.swift; path = ValidationRule.swift; sourceTree = "<group>"; };
		E92BA081209B49100009AAD7 /* ZipCodeRule.swift */ = {isa = PBXFileReference; lastKnownFileType = sourcecode.swift; path = ZipCodeRule.swift; sourceTree = "<group>"; };
		E92BA082209B49100009AAD7 /* SwiftValidator.h */ = {isa = PBXFileReference; lastKnownFileType = sourcecode.c.h; path = SwiftValidator.h; sourceTree = "<group>"; };
		E92BA09D209B4C6A0009AAD7 /* CommonExtensions.swift */ = {isa = PBXFileReference; lastKnownFileType = sourcecode.swift; path = CommonExtensions.swift; sourceTree = "<group>"; };
		E92BA0A0209B53500009AAD7 /* LeftMenuController.swift */ = {isa = PBXFileReference; lastKnownFileType = sourcecode.swift; path = LeftMenuController.swift; sourceTree = "<group>"; };
		E92BA0A2209B614D0009AAD7 /* MenuModel.swift */ = {isa = PBXFileReference; lastKnownFileType = sourcecode.swift; path = MenuModel.swift; sourceTree = "<group>"; };
		E92BA0A4209B643C0009AAD7 /* slide_menu.json */ = {isa = PBXFileReference; lastKnownFileType = text.json; path = slide_menu.json; sourceTree = "<group>"; };
		E95EC7DF209CD561001112A1 /* VideoPlayerView.xib */ = {isa = PBXFileReference; lastKnownFileType = file.xib; path = VideoPlayerView.xib; sourceTree = "<group>"; };
		E995A3EC209A25BE000EB94A /* WaaZi TV.app */ = {isa = PBXFileReference; explicitFileType = wrapper.application; includeInIndex = 0; path = "WaaZi TV.app"; sourceTree = BUILT_PRODUCTS_DIR; };
		E995A3EF209A25BE000EB94A /* AppDelegate.swift */ = {isa = PBXFileReference; lastKnownFileType = sourcecode.swift; path = AppDelegate.swift; sourceTree = "<group>"; };
		E995A3F4209A25BE000EB94A /* Base */ = {isa = PBXFileReference; lastKnownFileType = file.storyboard; name = Base; path = Base.lproj/Main.storyboard; sourceTree = "<group>"; };
		E995A3F6209A25BE000EB94A /* Assets.xcassets */ = {isa = PBXFileReference; lastKnownFileType = folder.assetcatalog; path = Assets.xcassets; sourceTree = "<group>"; };
		E995A3F9209A25BE000EB94A /* Base */ = {isa = PBXFileReference; lastKnownFileType = file.storyboard; name = Base; path = Base.lproj/LaunchScreen.storyboard; sourceTree = "<group>"; };
		E995A3FB209A25BE000EB94A /* Info.plist */ = {isa = PBXFileReference; lastKnownFileType = text.plist.xml; path = Info.plist; sourceTree = "<group>"; };
		E995A400209A25BE000EB94A /* WaaZi TVTests.xctest */ = {isa = PBXFileReference; explicitFileType = wrapper.cfbundle; includeInIndex = 0; path = "WaaZi TVTests.xctest"; sourceTree = BUILT_PRODUCTS_DIR; };
		E995A404209A25BE000EB94A /* WaaZi_TVTests.swift */ = {isa = PBXFileReference; lastKnownFileType = sourcecode.swift; path = WaaZi_TVTests.swift; sourceTree = "<group>"; };
		E995A406209A25BE000EB94A /* Info.plist */ = {isa = PBXFileReference; lastKnownFileType = text.plist.xml; path = Info.plist; sourceTree = "<group>"; };
		E995A40B209A25BE000EB94A /* WaaZi TVUITests.xctest */ = {isa = PBXFileReference; explicitFileType = wrapper.cfbundle; includeInIndex = 0; path = "WaaZi TVUITests.xctest"; sourceTree = BUILT_PRODUCTS_DIR; };
		E995A40F209A25BE000EB94A /* WaaZi_TVUITests.swift */ = {isa = PBXFileReference; lastKnownFileType = sourcecode.swift; path = WaaZi_TVUITests.swift; sourceTree = "<group>"; };
		E995A411209A25BE000EB94A /* Info.plist */ = {isa = PBXFileReference; lastKnownFileType = text.plist.xml; path = Info.plist; sourceTree = "<group>"; };
		E995A422209A295B000EB94A /* BaseVC.swift */ = {isa = PBXFileReference; lastKnownFileType = sourcecode.swift; path = BaseVC.swift; sourceTree = "<group>"; };
		E995A426209A29A8000EB94A /* LoginVC.swift */ = {isa = PBXFileReference; lastKnownFileType = sourcecode.swift; path = LoginVC.swift; sourceTree = "<group>"; };
		E995A42B209A330D000EB94A /* EndPoints.swift */ = {isa = PBXFileReference; lastKnownFileType = sourcecode.swift; path = EndPoints.swift; sourceTree = "<group>"; };
		E995A431209A37D1000EB94A /* Common.swift */ = {isa = PBXFileReference; lastKnownFileType = sourcecode.swift; path = Common.swift; sourceTree = "<group>"; };
		E995A433209A3A2A000EB94A /* Extensions.swift */ = {isa = PBXFileReference; lastKnownFileType = sourcecode.swift; path = Extensions.swift; sourceTree = "<group>"; };
		E995A435209A3A7F000EB94A /* RequestProtocol.swift */ = {isa = PBXFileReference; lastKnownFileType = sourcecode.swift; path = RequestProtocol.swift; sourceTree = "<group>"; };
		E995A436209A3A7F000EB94A /* ServiceConfig.swift */ = {isa = PBXFileReference; lastKnownFileType = sourcecode.swift; path = ServiceConfig.swift; sourceTree = "<group>"; };
		E995A437209A3A7F000EB94A /* Service.swift */ = {isa = PBXFileReference; lastKnownFileType = sourcecode.swift; path = Service.swift; sourceTree = "<group>"; };
		E995A438209A3A80000EB94A /* ServiceProtocol.swift */ = {isa = PBXFileReference; lastKnownFileType = sourcecode.swift; path = ServiceProtocol.swift; sourceTree = "<group>"; };
		E995A439209A3A80000EB94A /* OperationProtocol.swift */ = {isa = PBXFileReference; lastKnownFileType = sourcecode.swift; path = OperationProtocol.swift; sourceTree = "<group>"; };
		E995A43A209A3A80000EB94A /* ResponseProtocol.swift */ = {isa = PBXFileReference; lastKnownFileType = sourcecode.swift; path = ResponseProtocol.swift; sourceTree = "<group>"; };
		E995A43B209A3A80000EB94A /* Operations.swift */ = {isa = PBXFileReference; lastKnownFileType = sourcecode.swift; path = Operations.swift; sourceTree = "<group>"; };
		E995A43C209A3A81000EB94A /* Request.swift */ = {isa = PBXFileReference; lastKnownFileType = sourcecode.swift; path = Request.swift; sourceTree = "<group>"; };
		E995A449209A3E19000EB94A /* Constants.swift */ = {isa = PBXFileReference; lastKnownFileType = sourcecode.swift; path = Constants.swift; sourceTree = "<group>"; };
		E9C108D9209B7BBC005A6FF2 /* NavigationController.swift */ = {isa = PBXFileReference; lastKnownFileType = sourcecode.swift; path = NavigationController.swift; sourceTree = "<group>"; };
/* End PBXFileReference section */

/* Begin PBXFrameworksBuildPhase section */
		E995A3E9209A25BE000EB94A /* Frameworks */ = {
			isa = PBXFrameworksBuildPhase;
			buildActionMask = 2147483647;
			files = (
				BA9FDE93C492A1E8848726AC /* Pods_WaaZi_TV.framework in Frameworks */,
			);
			runOnlyForDeploymentPostprocessing = 0;
		};
		E995A3FD209A25BE000EB94A /* Frameworks */ = {
			isa = PBXFrameworksBuildPhase;
			buildActionMask = 2147483647;
			files = (
				17534C6B45718452F18F8979 /* Pods_WaaZi_TVTests.framework in Frameworks */,
			);
			runOnlyForDeploymentPostprocessing = 0;
		};
		E995A408209A25BE000EB94A /* Frameworks */ = {
			isa = PBXFrameworksBuildPhase;
			buildActionMask = 2147483647;
			files = (
				E391388EC92B75C369AEA0B8 /* Pods_WaaZi_TVUITests.framework in Frameworks */,
			);
			runOnlyForDeploymentPostprocessing = 0;
		};
/* End PBXFrameworksBuildPhase section */

/* Begin PBXGroup section */
		36611DE4996BFF82330C4C43 /* Pods */ = {
			isa = PBXGroup;
			children = (
				38C4434D591B3C442A371DB2 /* Pods-WaaZi TV.debug.xcconfig */,
				D105F4D654251D7EB45EF427 /* Pods-WaaZi TV.release.xcconfig */,
				E8606A74E59D15A82FB3F226 /* Pods-WaaZi TVTests.debug.xcconfig */,
				25B7E623D00DEF7B918E6B85 /* Pods-WaaZi TVTests.release.xcconfig */,
				DA2CFBDFD45A8C67A87980C8 /* Pods-WaaZi TVUITests.debug.xcconfig */,
				2D38BED75836A4D4E7A72B86 /* Pods-WaaZi TVUITests.release.xcconfig */,
			);
			name = Pods;
			sourceTree = "<group>";
		};
		6CC09D55209C2317000671B1 /* Home */ = {
			isa = PBXGroup;
			children = (
				6CC09D57209C2354000671B1 /* HomeVC.swift */,
			);
			path = Home;
			sourceTree = "<group>";
		};
		6CC09D56209C231F000671B1 /* DetailsVC */ = {
			isa = PBXGroup;
			children = (
				6CC09D59209C2369000671B1 /* DetailsVC.swift */,
			);
			path = DetailsVC;
			sourceTree = "<group>";
		};
		6CC09D5C209C3CD5000671B1 /* CollectionViewCell */ = {
			isa = PBXGroup;
			children = (
				6CC09D5D209C3D08000671B1 /* CollectionViewCell.swift */,
				6CC09D5E209C3D08000671B1 /* CollectionViewCell.xib */,
			);
			path = CollectionViewCell;
			sourceTree = "<group>";
		};
		78A73103CAB26089F851C712 /* Frameworks */ = {
			isa = PBXGroup;
			children = (
				89B0A56663AFD1DF0B2FDE60 /* Pods_WaaZi_TV.framework */,
				3CAF77A4A34019DE52141D04 /* Pods_WaaZi_TVTests.framework */,
				D8E6EAACA56220F89A221F74 /* Pods_WaaZi_TVUITests.framework */,
			);
			name = Frameworks;
			sourceTree = "<group>";
		};
		E92BA061209B48360009AAD7 /* CustomViews */ = {
			isa = PBXGroup;
			children = (
				E95EC7DE209CD4CD001112A1 /* CustomPlayer */,
				6CC09D5C209C3CD5000671B1 /* CollectionViewCell */,
				E92BA062209B487E0009AAD7 /* WTTextField.swift */,
			);
			path = CustomViews;
			sourceTree = "<group>";
		};
		E92BA064209B48FE0009AAD7 /* Library */ = {
			isa = PBXGroup;
			children = (
				E92BA065209B49100009AAD7 /* SwiftValidator */,
			);
			path = Library;
			sourceTree = "<group>";
		};
		E92BA065209B49100009AAD7 /* SwiftValidator */ = {
			isa = PBXGroup;
			children = (
				E92BA066209B49100009AAD7 /* Core */,
				E92BA06D209B49100009AAD7 /* Rules */,
				E92BA082209B49100009AAD7 /* SwiftValidator.h */,
			);
			path = SwiftValidator;
			sourceTree = "<group>";
		};
		E92BA066209B49100009AAD7 /* Core */ = {
			isa = PBXGroup;
			children = (
				E92BA067209B49100009AAD7 /* Validatable.swift */,
				E92BA068209B49100009AAD7 /* ValidationDelegate.swift */,
				E92BA069209B49100009AAD7 /* ValidationError.swift */,
				E92BA06A209B49100009AAD7 /* Validator.swift */,
				E92BA06B209B49100009AAD7 /* ValidatorDictionary.swift */,
			);
			path = Core;
			sourceTree = "<group>";
		};
		E92BA06D209B49100009AAD7 /* Rules */ = {
			isa = PBXGroup;
			children = (
				E92BA06E209B49100009AAD7 /* AlphaNumericRule.swift */,
				E92BA06F209B49100009AAD7 /* AlphaRule.swift */,
				E92BA070209B49100009AAD7 /* CharacterSetRule.swift */,
				E92BA071209B49100009AAD7 /* ConfirmRule.swift */,
				E92BA072209B49100009AAD7 /* EmailRule.swift */,
				E92BA073209B49100009AAD7 /* ExactLengthRule.swift */,
				E92BA074209B49100009AAD7 /* FloatRule.swift */,
				E92BA075209B49100009AAD7 /* FullNameRule.swift */,
				E92BA076209B49100009AAD7 /* HexColorRule.swift */,
				E92BA077209B49100009AAD7 /* IPV4Rule.swift */,
				E92BA078209B49100009AAD7 /* ISBNRule.swift */,
				E92BA079209B49100009AAD7 /* MaxLengthRule.swift */,
				E92BA07A209B49100009AAD7 /* MinLengthRule.swift */,
				E92BA07B209B49100009AAD7 /* PasswordRule.swift */,
				E92BA07C209B49100009AAD7 /* PhoneNumberRule.swift */,
				E92BA07D209B49100009AAD7 /* RegexRule.swift */,
				E92BA07E209B49100009AAD7 /* RequiredRule.swift */,
				E92BA07F209B49100009AAD7 /* Rule.swift */,
				E92BA080209B49100009AAD7 /* ValidationRule.swift */,
				E92BA081209B49100009AAD7 /* ZipCodeRule.swift */,
			);
			path = Rules;
			sourceTree = "<group>";
		};
		E92BA09C209B4B910009AAD7 /* Extensions */ = {
			isa = PBXGroup;
			children = (
				E92BA09D209B4C6A0009AAD7 /* CommonExtensions.swift */,
			);
			path = Extensions;
			sourceTree = "<group>";
		};
		E92BA09F209B53200009AAD7 /* SlideMenu */ = {
			isa = PBXGroup;
			children = (
				E92BA0A0209B53500009AAD7 /* LeftMenuController.swift */,
				E9C108D9209B7BBC005A6FF2 /* NavigationController.swift */,
			);
			path = SlideMenu;
			sourceTree = "<group>";
		};
		E95EC7DE209CD4CD001112A1 /* CustomPlayer */ = {
			isa = PBXGroup;
			children = (
				6C1DDBAB209C8DA9008F41D7 /* VideoPlayerView.swift */,
				E95EC7DF209CD561001112A1 /* VideoPlayerView.xib */,
			);
			path = CustomPlayer;
			sourceTree = "<group>";
		};
		E995A3E3209A25BE000EB94A = {
			isa = PBXGroup;
			children = (
				E995A3EE209A25BE000EB94A /* WaaZi TV */,
				E995A403209A25BE000EB94A /* WaaZi TVTests */,
				E995A40E209A25BE000EB94A /* WaaZi TVUITests */,
				E995A3ED209A25BE000EB94A /* Products */,
				36611DE4996BFF82330C4C43 /* Pods */,
				78A73103CAB26089F851C712 /* Frameworks */,
			);
			sourceTree = "<group>";
		};
		E995A3ED209A25BE000EB94A /* Products */ = {
			isa = PBXGroup;
			children = (
				E995A3EC209A25BE000EB94A /* WaaZi TV.app */,
				E995A400209A25BE000EB94A /* WaaZi TVTests.xctest */,
				E995A40B209A25BE000EB94A /* WaaZi TVUITests.xctest */,
			);
			name = Products;
			sourceTree = "<group>";
		};
		E995A3EE209A25BE000EB94A /* WaaZi TV */ = {
			isa = PBXGroup;
			children = (
				E92BA09C209B4B910009AAD7 /* Extensions */,
				E92BA064209B48FE0009AAD7 /* Library */,
				E995A448209A3E03000EB94A /* Constants */,
				E995A428209A29D2000EB94A /* Networking */,
				E995A421209A28C0000EB94A /* App Delegate */,
				E995A420209A28B5000EB94A /* Utils */,
				E995A41F209A28AB000EB94A /* Controllers */,
				E995A41E209A28A4000EB94A /* View */,
				E995A41D209A289C000EB94A /* Models */,
				E995A3F6209A25BE000EB94A /* Assets.xcassets */,
				E995A3FB209A25BE000EB94A /* Info.plist */,
			);
			path = "WaaZi TV";
			sourceTree = "<group>";
		};
		E995A403209A25BE000EB94A /* WaaZi TVTests */ = {
			isa = PBXGroup;
			children = (
				E995A404209A25BE000EB94A /* WaaZi_TVTests.swift */,
				E995A406209A25BE000EB94A /* Info.plist */,
			);
			path = "WaaZi TVTests";
			sourceTree = "<group>";
		};
		E995A40E209A25BE000EB94A /* WaaZi TVUITests */ = {
			isa = PBXGroup;
			children = (
				E995A40F209A25BE000EB94A /* WaaZi_TVUITests.swift */,
				E995A411209A25BE000EB94A /* Info.plist */,
			);
			path = "WaaZi TVUITests";
			sourceTree = "<group>";
		};
		E995A41D209A289C000EB94A /* Models */ = {
			isa = PBXGroup;
			children = (
				E92BA0A2209B614D0009AAD7 /* MenuModel.swift */,
				E92BA0A4209B643C0009AAD7 /* slide_menu.json */,
			);
			path = Models;
			sourceTree = "<group>";
		};
		E995A41E209A28A4000EB94A /* View */ = {
			isa = PBXGroup;
			children = (
				E92BA061209B48360009AAD7 /* CustomViews */,
				E995A3F8209A25BE000EB94A /* LaunchScreen.storyboard */,
				E995A3F3209A25BE000EB94A /* Main.storyboard */,
			);
			path = View;
			sourceTree = "<group>";
		};
		E995A41F209A28AB000EB94A /* Controllers */ = {
			isa = PBXGroup;
			children = (
				6CC09D56209C231F000671B1 /* DetailsVC */,
				6CC09D55209C2317000671B1 /* Home */,
				E92BA09F209B53200009AAD7 /* SlideMenu */,
				E995A425209A2985000EB94A /* Login */,
				E995A424209A296F000EB94A /* BaseVC */,
			);
			path = Controllers;
			sourceTree = "<group>";
		};
		E995A420209A28B5000EB94A /* Utils */ = {
			isa = PBXGroup;
			children = (
				6CF44C83209ACDD90054C560 /* WTUtils.swift */,
			);
			path = Utils;
			sourceTree = "<group>";
		};
		E995A421209A28C0000EB94A /* App Delegate */ = {
			isa = PBXGroup;
			children = (
				E995A3EF209A25BE000EB94A /* AppDelegate.swift */,
			);
			path = "App Delegate";
			sourceTree = "<group>";
		};
		E995A424209A296F000EB94A /* BaseVC */ = {
			isa = PBXGroup;
			children = (
				E995A422209A295B000EB94A /* BaseVC.swift */,
			);
			path = BaseVC;
			sourceTree = "<group>";
		};
		E995A425209A2985000EB94A /* Login */ = {
			isa = PBXGroup;
			children = (
				E995A426209A29A8000EB94A /* LoginVC.swift */,
			);
			path = Login;
			sourceTree = "<group>";
		};
		E995A428209A29D2000EB94A /* Networking */ = {
			isa = PBXGroup;
			children = (
				E995A446209A3BF2000EB94A /* Network Utils */,
				E995A445209A3B16000EB94A /* Operations */,
				E995A430209A36BE000EB94A /* Response */,
				E995A42F209A36B4000EB94A /* Request */,
				E995A42E209A36A6000EB94A /* Configurations */,
				E995A42D209A369A000EB94A /* Service */,
				E995A42A209A32E3000EB94A /* EndPoints */,
			);
			path = Networking;
			sourceTree = "<group>";
		};
		E995A42A209A32E3000EB94A /* EndPoints */ = {
			isa = PBXGroup;
			children = (
				E995A42B209A330D000EB94A /* EndPoints.swift */,
			);
			path = EndPoints;
			sourceTree = "<group>";
		};
		E995A42D209A369A000EB94A /* Service */ = {
			isa = PBXGroup;
			children = (
				E995A438209A3A80000EB94A /* ServiceProtocol.swift */,
				E995A437209A3A7F000EB94A /* Service.swift */,
			);
			path = Service;
			sourceTree = "<group>";
		};
		E995A42E209A36A6000EB94A /* Configurations */ = {
			isa = PBXGroup;
			children = (
				E995A436209A3A7F000EB94A /* ServiceConfig.swift */,
			);
			path = Configurations;
			sourceTree = "<group>";
		};
		E995A42F209A36B4000EB94A /* Request */ = {
			isa = PBXGroup;
			children = (
				E995A435209A3A7F000EB94A /* RequestProtocol.swift */,
				E995A43C209A3A81000EB94A /* Request.swift */,
			);
			path = Request;
			sourceTree = "<group>";
		};
		E995A430209A36BE000EB94A /* Response */ = {
			isa = PBXGroup;
			children = (
				E995A43A209A3A80000EB94A /* ResponseProtocol.swift */,
			);
			path = Response;
			sourceTree = "<group>";
		};
		E995A445209A3B16000EB94A /* Operations */ = {
			isa = PBXGroup;
			children = (
				E995A43B209A3A80000EB94A /* Operations.swift */,
				E995A439209A3A80000EB94A /* OperationProtocol.swift */,
			);
			path = Operations;
			sourceTree = "<group>";
		};
		E995A446209A3BF2000EB94A /* Network Utils */ = {
			isa = PBXGroup;
			children = (
				E995A433209A3A2A000EB94A /* Extensions.swift */,
				E995A431209A37D1000EB94A /* Common.swift */,
			);
			path = "Network Utils";
			sourceTree = "<group>";
		};
		E995A448209A3E03000EB94A /* Constants */ = {
			isa = PBXGroup;
			children = (
				E995A449209A3E19000EB94A /* Constants.swift */,
			);
			path = Constants;
			sourceTree = "<group>";
		};
/* End PBXGroup section */

/* Begin PBXNativeTarget section */
		E995A3EB209A25BE000EB94A /* WaaZi TV */ = {
			isa = PBXNativeTarget;
			buildConfigurationList = E995A414209A25BE000EB94A /* Build configuration list for PBXNativeTarget "WaaZi TV" */;
			buildPhases = (
				DDB2456A750BE2BF6AC39E7F /* [CP] Check Pods Manifest.lock */,
				E995A3E8209A25BE000EB94A /* Sources */,
				E995A3E9209A25BE000EB94A /* Frameworks */,
				E995A3EA209A25BE000EB94A /* Resources */,
				93223052BD5949AC4D0CC77C /* [CP] Embed Pods Frameworks */,
			);
			buildRules = (
			);
			dependencies = (
			);
			name = "WaaZi TV";
			productName = "WaaZi TV";
			productReference = E995A3EC209A25BE000EB94A /* WaaZi TV.app */;
			productType = "com.apple.product-type.application";
		};
		E995A3FF209A25BE000EB94A /* WaaZi TVTests */ = {
			isa = PBXNativeTarget;
			buildConfigurationList = E995A417209A25BE000EB94A /* Build configuration list for PBXNativeTarget "WaaZi TVTests" */;
			buildPhases = (
				C329218D846A51A486314513 /* [CP] Check Pods Manifest.lock */,
				E995A3FC209A25BE000EB94A /* Sources */,
				E995A3FD209A25BE000EB94A /* Frameworks */,
				E995A3FE209A25BE000EB94A /* Resources */,
			);
			buildRules = (
			);
			dependencies = (
				E995A402209A25BE000EB94A /* PBXTargetDependency */,
			);
			name = "WaaZi TVTests";
			productName = "WaaZi TVTests";
			productReference = E995A400209A25BE000EB94A /* WaaZi TVTests.xctest */;
			productType = "com.apple.product-type.bundle.unit-test";
		};
		E995A40A209A25BE000EB94A /* WaaZi TVUITests */ = {
			isa = PBXNativeTarget;
			buildConfigurationList = E995A41A209A25BE000EB94A /* Build configuration list for PBXNativeTarget "WaaZi TVUITests" */;
			buildPhases = (
				6551A3A3C2A9902FACB93B84 /* [CP] Check Pods Manifest.lock */,
				E995A407209A25BE000EB94A /* Sources */,
				E995A408209A25BE000EB94A /* Frameworks */,
				E995A409209A25BE000EB94A /* Resources */,
			);
			buildRules = (
			);
			dependencies = (
				E995A40D209A25BE000EB94A /* PBXTargetDependency */,
			);
			name = "WaaZi TVUITests";
			productName = "WaaZi TVUITests";
			productReference = E995A40B209A25BE000EB94A /* WaaZi TVUITests.xctest */;
			productType = "com.apple.product-type.bundle.ui-testing";
		};
/* End PBXNativeTarget section */

/* Begin PBXProject section */
		E995A3E4209A25BE000EB94A /* Project object */ = {
			isa = PBXProject;
			attributes = {
				LastSwiftUpdateCheck = 0900;
				LastUpgradeCheck = 0900;
				ORGANIZATIONNAME = test;
				TargetAttributes = {
					E995A3EB209A25BE000EB94A = {
						CreatedOnToolsVersion = 9.0;
						ProvisioningStyle = Automatic;
					};
					E995A3FF209A25BE000EB94A = {
						CreatedOnToolsVersion = 9.0;
						ProvisioningStyle = Automatic;
						TestTargetID = E995A3EB209A25BE000EB94A;
					};
					E995A40A209A25BE000EB94A = {
						CreatedOnToolsVersion = 9.0;
						ProvisioningStyle = Automatic;
						TestTargetID = E995A3EB209A25BE000EB94A;
					};
				};
			};
			buildConfigurationList = E995A3E7209A25BE000EB94A /* Build configuration list for PBXProject "WaaZi TV" */;
			compatibilityVersion = "Xcode 8.0";
			developmentRegion = en;
			hasScannedForEncodings = 0;
			knownRegions = (
				en,
				Base,
			);
			mainGroup = E995A3E3209A25BE000EB94A;
			productRefGroup = E995A3ED209A25BE000EB94A /* Products */;
			projectDirPath = "";
			projectRoot = "";
			targets = (
				E995A3EB209A25BE000EB94A /* WaaZi TV */,
				E995A3FF209A25BE000EB94A /* WaaZi TVTests */,
				E995A40A209A25BE000EB94A /* WaaZi TVUITests */,
			);
		};
/* End PBXProject section */

/* Begin PBXResourcesBuildPhase section */
		E995A3EA209A25BE000EB94A /* Resources */ = {
			isa = PBXResourcesBuildPhase;
			buildActionMask = 2147483647;
			files = (
				E92BA0A5209B66F30009AAD7 /* slide_menu.json in Resources */,
				E95EC7E0209CD561001112A1 /* VideoPlayerView.xib in Resources */,
				E995A3FA209A25BE000EB94A /* LaunchScreen.storyboard in Resources */,
				E995A3F7209A25BE000EB94A /* Assets.xcassets in Resources */,
				E995A3F5209A25BE000EB94A /* Main.storyboard in Resources */,
				6CC09D60209C3D08000671B1 /* CollectionViewCell.xib in Resources */,
			);
			runOnlyForDeploymentPostprocessing = 0;
		};
		E995A3FE209A25BE000EB94A /* Resources */ = {
			isa = PBXResourcesBuildPhase;
			buildActionMask = 2147483647;
			files = (
			);
			runOnlyForDeploymentPostprocessing = 0;
		};
		E995A409209A25BE000EB94A /* Resources */ = {
			isa = PBXResourcesBuildPhase;
			buildActionMask = 2147483647;
			files = (
			);
			runOnlyForDeploymentPostprocessing = 0;
		};
/* End PBXResourcesBuildPhase section */

/* Begin PBXShellScriptBuildPhase section */
		6551A3A3C2A9902FACB93B84 /* [CP] Check Pods Manifest.lock */ = {
			isa = PBXShellScriptBuildPhase;
			buildActionMask = 2147483647;
			files = (
			);
			inputPaths = (
				"${PODS_PODFILE_DIR_PATH}/Podfile.lock",
				"${PODS_ROOT}/Manifest.lock",
			);
			name = "[CP] Check Pods Manifest.lock";
			outputPaths = (
				"$(DERIVED_FILE_DIR)/Pods-WaaZi TVUITests-checkManifestLockResult.txt",
			);
			runOnlyForDeploymentPostprocessing = 0;
			shellPath = /bin/sh;
			shellScript = "diff \"${PODS_PODFILE_DIR_PATH}/Podfile.lock\" \"${PODS_ROOT}/Manifest.lock\" > /dev/null\nif [ $? != 0 ] ; then\n    # print error to STDERR\n    echo \"error: The sandbox is not in sync with the Podfile.lock. Run 'pod install' or update your CocoaPods installation.\" >&2\n    exit 1\nfi\n# This output is used by Xcode 'outputs' to avoid re-running this script phase.\necho \"SUCCESS\" > \"${SCRIPT_OUTPUT_FILE_0}\"\n";
			showEnvVarsInLog = 0;
		};
		93223052BD5949AC4D0CC77C /* [CP] Embed Pods Frameworks */ = {
			isa = PBXShellScriptBuildPhase;
			buildActionMask = 2147483647;
			files = (
			);
			inputPaths = (
				"${SRCROOT}/Pods/Target Support Files/Pods-WaaZi TV/Pods-WaaZi TV-frameworks.sh",
				"${BUILT_PRODUCTS_DIR}/Alamofire/Alamofire.framework",
				"${BUILT_PRODUCTS_DIR}/HydraAsync/Hydra.framework",
				"${BUILT_PRODUCTS_DIR}/LGSideMenuController/LGSideMenuController.framework",
				"${BUILT_PRODUCTS_DIR}/SDWebImage/SDWebImage.framework",
				"${BUILT_PRODUCTS_DIR}/SwiftyJSON/SwiftyJSON.framework",
			);
			name = "[CP] Embed Pods Frameworks";
			outputPaths = (
				"${TARGET_BUILD_DIR}/${FRAMEWORKS_FOLDER_PATH}/Alamofire.framework",
				"${TARGET_BUILD_DIR}/${FRAMEWORKS_FOLDER_PATH}/Hydra.framework",
				"${TARGET_BUILD_DIR}/${FRAMEWORKS_FOLDER_PATH}/LGSideMenuController.framework",
				"${TARGET_BUILD_DIR}/${FRAMEWORKS_FOLDER_PATH}/SDWebImage.framework",
				"${TARGET_BUILD_DIR}/${FRAMEWORKS_FOLDER_PATH}/SwiftyJSON.framework",
			);
			runOnlyForDeploymentPostprocessing = 0;
			shellPath = /bin/sh;
			shellScript = "\"${SRCROOT}/Pods/Target Support Files/Pods-WaaZi TV/Pods-WaaZi TV-frameworks.sh\"\n";
			showEnvVarsInLog = 0;
		};
		C329218D846A51A486314513 /* [CP] Check Pods Manifest.lock */ = {
			isa = PBXShellScriptBuildPhase;
			buildActionMask = 2147483647;
			files = (
			);
			inputPaths = (
				"${PODS_PODFILE_DIR_PATH}/Podfile.lock",
				"${PODS_ROOT}/Manifest.lock",
			);
			name = "[CP] Check Pods Manifest.lock";
			outputPaths = (
				"$(DERIVED_FILE_DIR)/Pods-WaaZi TVTests-checkManifestLockResult.txt",
			);
			runOnlyForDeploymentPostprocessing = 0;
			shellPath = /bin/sh;
			shellScript = "diff \"${PODS_PODFILE_DIR_PATH}/Podfile.lock\" \"${PODS_ROOT}/Manifest.lock\" > /dev/null\nif [ $? != 0 ] ; then\n    # print error to STDERR\n    echo \"error: The sandbox is not in sync with the Podfile.lock. Run 'pod install' or update your CocoaPods installation.\" >&2\n    exit 1\nfi\n# This output is used by Xcode 'outputs' to avoid re-running this script phase.\necho \"SUCCESS\" > \"${SCRIPT_OUTPUT_FILE_0}\"\n";
			showEnvVarsInLog = 0;
		};
		DDB2456A750BE2BF6AC39E7F /* [CP] Check Pods Manifest.lock */ = {
			isa = PBXShellScriptBuildPhase;
			buildActionMask = 2147483647;
			files = (
			);
			inputPaths = (
				"${PODS_PODFILE_DIR_PATH}/Podfile.lock",
				"${PODS_ROOT}/Manifest.lock",
			);
			name = "[CP] Check Pods Manifest.lock";
			outputPaths = (
				"$(DERIVED_FILE_DIR)/Pods-WaaZi TV-checkManifestLockResult.txt",
			);
			runOnlyForDeploymentPostprocessing = 0;
			shellPath = /bin/sh;
			shellScript = "diff \"${PODS_PODFILE_DIR_PATH}/Podfile.lock\" \"${PODS_ROOT}/Manifest.lock\" > /dev/null\nif [ $? != 0 ] ; then\n    # print error to STDERR\n    echo \"error: The sandbox is not in sync with the Podfile.lock. Run 'pod install' or update your CocoaPods installation.\" >&2\n    exit 1\nfi\n# This output is used by Xcode 'outputs' to avoid re-running this script phase.\necho \"SUCCESS\" > \"${SCRIPT_OUTPUT_FILE_0}\"\n";
			showEnvVarsInLog = 0;
		};
/* End PBXShellScriptBuildPhase section */

/* Begin PBXSourcesBuildPhase section */
		E995A3E8209A25BE000EB94A /* Sources */ = {
			isa = PBXSourcesBuildPhase;
			buildActionMask = 2147483647;
			files = (
				E92BA095209B49C60009AAD7 /* PasswordRule.swift in Sources */,
				E92BA093209B49C60009AAD7 /* MaxLengthRule.swift in Sources */,
				E92BA084209B49B40009AAD7 /* Validatable.swift in Sources */,
				E995A423209A295B000EB94A /* BaseVC.swift in Sources */,
				E92BA086209B49B40009AAD7 /* ValidationError.swift in Sources */,
				E995A434209A3A2A000EB94A /* Extensions.swift in Sources */,
				E92BA098209B49C60009AAD7 /* RequiredRule.swift in Sources */,
				E92BA091209B49C60009AAD7 /* IPV4Rule.swift in Sources */,
				E92BA08B209B49C60009AAD7 /* ConfirmRule.swift in Sources */,
				E92BA087209B49B40009AAD7 /* ValidatorDictionary.swift in Sources */,
				E995A427209A29A8000EB94A /* LoginVC.swift in Sources */,
				E92BA08D209B49C60009AAD7 /* ExactLengthRule.swift in Sources */,
				E92BA08E209B49C60009AAD7 /* FloatRule.swift in Sources */,
				E995A443209A3A81000EB94A /* Operations.swift in Sources */,
				E92BA085209B49B40009AAD7 /* ValidationDelegate.swift in Sources */,
				E9C108DA209B7BBC005A6FF2 /* NavigationController.swift in Sources */,
				6C1DDBAC209C8DA9008F41D7 /* VideoPlayerView.swift in Sources */,
				E92BA089209B49C60009AAD7 /* AlphaRule.swift in Sources */,
				6CC09D5F209C3D08000671B1 /* CollectionViewCell.swift in Sources */,
				6CF44C84209ACDD90054C560 /* WTUtils.swift in Sources */,
				E92BA088209B49C60009AAD7 /* AlphaNumericRule.swift in Sources */,
				E92BA08A209B49C60009AAD7 /* CharacterSetRule.swift in Sources */,
				E92BA09E209B4C6A0009AAD7 /* CommonExtensions.swift in Sources */,
				E995A42C209A330D000EB94A /* EndPoints.swift in Sources */,
				E92BA096209B49C60009AAD7 /* PhoneNumberRule.swift in Sources */,
				E92BA09A209B49C60009AAD7 /* ValidationRule.swift in Sources */,
				E92BA0A1209B53500009AAD7 /* LeftMenuController.swift in Sources */,
				6CC09D5A209C2369000671B1 /* DetailsVC.swift in Sources */,
				E92BA0A3209B614D0009AAD7 /* MenuModel.swift in Sources */,
				E92BA09B209B49C60009AAD7 /* ZipCodeRule.swift in Sources */,
				E92BA099209B49C60009AAD7 /* Rule.swift in Sources */,
				E995A44A209A3E19000EB94A /* Constants.swift in Sources */,
				E995A432209A37D1000EB94A /* Common.swift in Sources */,
				E995A441209A3A81000EB94A /* OperationProtocol.swift in Sources */,
				6CC09D58209C2354000671B1 /* HomeVC.swift in Sources */,
				E92BA097209B49C60009AAD7 /* RegexRule.swift in Sources */,
				E92BA094209B49C60009AAD7 /* MinLengthRule.swift in Sources */,
				E92BA08F209B49C60009AAD7 /* FullNameRule.swift in Sources */,
				E995A442209A3A81000EB94A /* ResponseProtocol.swift in Sources */,
				E92BA083209B499D0009AAD7 /* Validator.swift in Sources */,
				E995A43F209A3A81000EB94A /* Service.swift in Sources */,
				E92BA090209B49C60009AAD7 /* HexColorRule.swift in Sources */,
				E92BA092209B49C60009AAD7 /* ISBNRule.swift in Sources */,
				E995A43E209A3A81000EB94A /* ServiceConfig.swift in Sources */,
				E92BA063209B487E0009AAD7 /* WTTextField.swift in Sources */,
				E995A3F0209A25BE000EB94A /* AppDelegate.swift in Sources */,
				E995A444209A3A81000EB94A /* Request.swift in Sources */,
				E995A43D209A3A81000EB94A /* RequestProtocol.swift in Sources */,
				E995A440209A3A81000EB94A /* ServiceProtocol.swift in Sources */,
				E92BA08C209B49C60009AAD7 /* EmailRule.swift in Sources */,
			);
			runOnlyForDeploymentPostprocessing = 0;
		};
		E995A3FC209A25BE000EB94A /* Sources */ = {
			isa = PBXSourcesBuildPhase;
			buildActionMask = 2147483647;
			files = (
				E995A405209A25BE000EB94A /* WaaZi_TVTests.swift in Sources */,
			);
			runOnlyForDeploymentPostprocessing = 0;
		};
		E995A407209A25BE000EB94A /* Sources */ = {
			isa = PBXSourcesBuildPhase;
			buildActionMask = 2147483647;
			files = (
				E995A410209A25BE000EB94A /* WaaZi_TVUITests.swift in Sources */,
			);
			runOnlyForDeploymentPostprocessing = 0;
		};
/* End PBXSourcesBuildPhase section */

/* Begin PBXTargetDependency section */
		E995A402209A25BE000EB94A /* PBXTargetDependency */ = {
			isa = PBXTargetDependency;
			target = E995A3EB209A25BE000EB94A /* WaaZi TV */;
			targetProxy = E995A401209A25BE000EB94A /* PBXContainerItemProxy */;
		};
		E995A40D209A25BE000EB94A /* PBXTargetDependency */ = {
			isa = PBXTargetDependency;
			target = E995A3EB209A25BE000EB94A /* WaaZi TV */;
			targetProxy = E995A40C209A25BE000EB94A /* PBXContainerItemProxy */;
		};
/* End PBXTargetDependency section */

/* Begin PBXVariantGroup section */
		E995A3F3209A25BE000EB94A /* Main.storyboard */ = {
			isa = PBXVariantGroup;
			children = (
				E995A3F4209A25BE000EB94A /* Base */,
			);
			name = Main.storyboard;
			sourceTree = "<group>";
		};
		E995A3F8209A25BE000EB94A /* LaunchScreen.storyboard */ = {
			isa = PBXVariantGroup;
			children = (
				E995A3F9209A25BE000EB94A /* Base */,
			);
			name = LaunchScreen.storyboard;
			sourceTree = "<group>";
		};
/* End PBXVariantGroup section */

/* Begin XCBuildConfiguration section */
		E995A412209A25BE000EB94A /* Debug */ = {
			isa = XCBuildConfiguration;
			buildSettings = {
				ALWAYS_SEARCH_USER_PATHS = NO;
				CLANG_ANALYZER_NONNULL = YES;
				CLANG_ANALYZER_NUMBER_OBJECT_CONVERSION = YES_AGGRESSIVE;
				CLANG_CXX_LANGUAGE_STANDARD = "gnu++14";
				CLANG_CXX_LIBRARY = "libc++";
				CLANG_ENABLE_MODULES = YES;
				CLANG_ENABLE_OBJC_ARC = YES;
				CLANG_WARN_BLOCK_CAPTURE_AUTORELEASING = YES;
				CLANG_WARN_BOOL_CONVERSION = YES;
				CLANG_WARN_COMMA = YES;
				CLANG_WARN_CONSTANT_CONVERSION = YES;
				CLANG_WARN_DIRECT_OBJC_ISA_USAGE = YES_ERROR;
				CLANG_WARN_DOCUMENTATION_COMMENTS = YES;
				CLANG_WARN_EMPTY_BODY = YES;
				CLANG_WARN_ENUM_CONVERSION = YES;
				CLANG_WARN_INFINITE_RECURSION = YES;
				CLANG_WARN_INT_CONVERSION = YES;
				CLANG_WARN_NON_LITERAL_NULL_CONVERSION = YES;
				CLANG_WARN_OBJC_LITERAL_CONVERSION = YES;
				CLANG_WARN_OBJC_ROOT_CLASS = YES_ERROR;
				CLANG_WARN_RANGE_LOOP_ANALYSIS = YES;
				CLANG_WARN_STRICT_PROTOTYPES = YES;
				CLANG_WARN_SUSPICIOUS_MOVE = YES;
				CLANG_WARN_UNGUARDED_AVAILABILITY = YES_AGGRESSIVE;
				CLANG_WARN_UNREACHABLE_CODE = YES;
				CLANG_WARN__DUPLICATE_METHOD_MATCH = YES;
				CODE_SIGN_IDENTITY = "iPhone Developer";
				COPY_PHASE_STRIP = NO;
				DEBUG_INFORMATION_FORMAT = dwarf;
				ENABLE_STRICT_OBJC_MSGSEND = YES;
				ENABLE_TESTABILITY = YES;
				GCC_C_LANGUAGE_STANDARD = gnu11;
				GCC_DYNAMIC_NO_PIC = NO;
				GCC_NO_COMMON_BLOCKS = YES;
				GCC_OPTIMIZATION_LEVEL = 0;
				GCC_PREPROCESSOR_DEFINITIONS = (
					"DEBUG=1",
					"$(inherited)",
				);
				GCC_WARN_64_TO_32_BIT_CONVERSION = YES;
				GCC_WARN_ABOUT_RETURN_TYPE = YES_ERROR;
				GCC_WARN_UNDECLARED_SELECTOR = YES;
				GCC_WARN_UNINITIALIZED_AUTOS = YES_AGGRESSIVE;
				GCC_WARN_UNUSED_FUNCTION = YES;
				GCC_WARN_UNUSED_VARIABLE = YES;
				IPHONEOS_DEPLOYMENT_TARGET = 11.0;
				MTL_ENABLE_DEBUG_INFO = YES;
				ONLY_ACTIVE_ARCH = YES;
				SDKROOT = iphoneos;
				SWIFT_ACTIVE_COMPILATION_CONDITIONS = DEBUG;
				SWIFT_OPTIMIZATION_LEVEL = "-Onone";
			};
			name = Debug;
		};
		E995A413209A25BE000EB94A /* Release */ = {
			isa = XCBuildConfiguration;
			buildSettings = {
				ALWAYS_SEARCH_USER_PATHS = NO;
				CLANG_ANALYZER_NONNULL = YES;
				CLANG_ANALYZER_NUMBER_OBJECT_CONVERSION = YES_AGGRESSIVE;
				CLANG_CXX_LANGUAGE_STANDARD = "gnu++14";
				CLANG_CXX_LIBRARY = "libc++";
				CLANG_ENABLE_MODULES = YES;
				CLANG_ENABLE_OBJC_ARC = YES;
				CLANG_WARN_BLOCK_CAPTURE_AUTORELEASING = YES;
				CLANG_WARN_BOOL_CONVERSION = YES;
				CLANG_WARN_COMMA = YES;
				CLANG_WARN_CONSTANT_CONVERSION = YES;
				CLANG_WARN_DIRECT_OBJC_ISA_USAGE = YES_ERROR;
				CLANG_WARN_DOCUMENTATION_COMMENTS = YES;
				CLANG_WARN_EMPTY_BODY = YES;
				CLANG_WARN_ENUM_CONVERSION = YES;
				CLANG_WARN_INFINITE_RECURSION = YES;
				CLANG_WARN_INT_CONVERSION = YES;
				CLANG_WARN_NON_LITERAL_NULL_CONVERSION = YES;
				CLANG_WARN_OBJC_LITERAL_CONVERSION = YES;
				CLANG_WARN_OBJC_ROOT_CLASS = YES_ERROR;
				CLANG_WARN_RANGE_LOOP_ANALYSIS = YES;
				CLANG_WARN_STRICT_PROTOTYPES = YES;
				CLANG_WARN_SUSPICIOUS_MOVE = YES;
				CLANG_WARN_UNGUARDED_AVAILABILITY = YES_AGGRESSIVE;
				CLANG_WARN_UNREACHABLE_CODE = YES;
				CLANG_WARN__DUPLICATE_METHOD_MATCH = YES;
				CODE_SIGN_IDENTITY = "iPhone Developer";
				COPY_PHASE_STRIP = NO;
				DEBUG_INFORMATION_FORMAT = "dwarf-with-dsym";
				ENABLE_NS_ASSERTIONS = NO;
				ENABLE_STRICT_OBJC_MSGSEND = YES;
				GCC_C_LANGUAGE_STANDARD = gnu11;
				GCC_NO_COMMON_BLOCKS = YES;
				GCC_WARN_64_TO_32_BIT_CONVERSION = YES;
				GCC_WARN_ABOUT_RETURN_TYPE = YES_ERROR;
				GCC_WARN_UNDECLARED_SELECTOR = YES;
				GCC_WARN_UNINITIALIZED_AUTOS = YES_AGGRESSIVE;
				GCC_WARN_UNUSED_FUNCTION = YES;
				GCC_WARN_UNUSED_VARIABLE = YES;
				IPHONEOS_DEPLOYMENT_TARGET = 11.0;
				MTL_ENABLE_DEBUG_INFO = NO;
				SDKROOT = iphoneos;
				SWIFT_OPTIMIZATION_LEVEL = "-Owholemodule";
				VALIDATE_PRODUCT = YES;
			};
			name = Release;
		};
		E995A415209A25BE000EB94A /* Debug */ = {
			isa = XCBuildConfiguration;
			baseConfigurationReference = 38C4434D591B3C442A371DB2 /* Pods-WaaZi TV.debug.xcconfig */;
			buildSettings = {
				ASSETCATALOG_COMPILER_APPICON_NAME = AppIcon;
				"CODE_SIGN_IDENTITY[sdk=iphoneos*]" = "iPhone Developer";
				CODE_SIGN_STYLE = Automatic;
				DEVELOPMENT_TEAM = H72V55XU8C;
				INFOPLIST_FILE = "WaaZi TV/Info.plist";
				IPHONEOS_DEPLOYMENT_TARGET = 10.0;
				LD_RUNPATH_SEARCH_PATHS = "$(inherited) @executable_path/Frameworks";
				PRODUCT_BUNDLE_IDENTIFIER = com.anshad.WaaZi;
				PRODUCT_NAME = "$(TARGET_NAME)";
				PROVISIONING_PROFILE_SPECIFIER = "";
				SWIFT_VERSION = 4.0;
				TARGETED_DEVICE_FAMILY = "1,2";
			};
			name = Debug;
		};
		E995A416209A25BE000EB94A /* Release */ = {
			isa = XCBuildConfiguration;
			baseConfigurationReference = D105F4D654251D7EB45EF427 /* Pods-WaaZi TV.release.xcconfig */;
			buildSettings = {
				ASSETCATALOG_COMPILER_APPICON_NAME = AppIcon;
				"CODE_SIGN_IDENTITY[sdk=iphoneos*]" = "iPhone Developer";
				CODE_SIGN_STYLE = Automatic;
				DEVELOPMENT_TEAM = H72V55XU8C;
				INFOPLIST_FILE = "WaaZi TV/Info.plist";
				IPHONEOS_DEPLOYMENT_TARGET = 10.0;
				LD_RUNPATH_SEARCH_PATHS = "$(inherited) @executable_path/Frameworks";
				PRODUCT_BUNDLE_IDENTIFIER = com.anshad.WaaZi;
				PRODUCT_NAME = "$(TARGET_NAME)";
				PROVISIONING_PROFILE_SPECIFIER = "";
				SWIFT_VERSION = 4.0;
				TARGETED_DEVICE_FAMILY = "1,2";
			};
			name = Release;
		};
		E995A418209A25BE000EB94A /* Debug */ = {
			isa = XCBuildConfiguration;
			baseConfigurationReference = E8606A74E59D15A82FB3F226 /* Pods-WaaZi TVTests.debug.xcconfig */;
			buildSettings = {
				ALWAYS_EMBED_SWIFT_STANDARD_LIBRARIES = YES;
				BUNDLE_LOADER = "$(TEST_HOST)";
				CODE_SIGN_STYLE = Automatic;
				INFOPLIST_FILE = "WaaZi TVTests/Info.plist";
				LD_RUNPATH_SEARCH_PATHS = "$(inherited) @executable_path/Frameworks @loader_path/Frameworks";
				PRODUCT_BUNDLE_IDENTIFIER = "com.test.WaaZi-TVTests";
				PRODUCT_NAME = "$(TARGET_NAME)";
				SWIFT_VERSION = 4.0;
				TARGETED_DEVICE_FAMILY = "1,2";
				TEST_HOST = "$(BUILT_PRODUCTS_DIR)/WaaZi TV.app/WaaZi TV";
			};
			name = Debug;
		};
		E995A419209A25BE000EB94A /* Release */ = {
			isa = XCBuildConfiguration;
			baseConfigurationReference = 25B7E623D00DEF7B918E6B85 /* Pods-WaaZi TVTests.release.xcconfig */;
			buildSettings = {
				ALWAYS_EMBED_SWIFT_STANDARD_LIBRARIES = YES;
				BUNDLE_LOADER = "$(TEST_HOST)";
				CODE_SIGN_STYLE = Automatic;
				INFOPLIST_FILE = "WaaZi TVTests/Info.plist";
				LD_RUNPATH_SEARCH_PATHS = "$(inherited) @executable_path/Frameworks @loader_path/Frameworks";
				PRODUCT_BUNDLE_IDENTIFIER = "com.test.WaaZi-TVTests";
				PRODUCT_NAME = "$(TARGET_NAME)";
				SWIFT_VERSION = 4.0;
				TARGETED_DEVICE_FAMILY = "1,2";
				TEST_HOST = "$(BUILT_PRODUCTS_DIR)/WaaZi TV.app/WaaZi TV";
			};
			name = Release;
		};
		E995A41B209A25BE000EB94A /* Debug */ = {
			isa = XCBuildConfiguration;
			baseConfigurationReference = DA2CFBDFD45A8C67A87980C8 /* Pods-WaaZi TVUITests.debug.xcconfig */;
			buildSettings = {
				ALWAYS_EMBED_SWIFT_STANDARD_LIBRARIES = YES;
				CODE_SIGN_STYLE = Automatic;
				INFOPLIST_FILE = "WaaZi TVUITests/Info.plist";
				LD_RUNPATH_SEARCH_PATHS = "$(inherited) @executable_path/Frameworks @loader_path/Frameworks";
				PRODUCT_BUNDLE_IDENTIFIER = "com.test.WaaZi-TVUITests";
				PRODUCT_NAME = "$(TARGET_NAME)";
				SWIFT_VERSION = 4.0;
				TARGETED_DEVICE_FAMILY = "1,2";
				TEST_TARGET_NAME = "WaaZi TV";
			};
			name = Debug;
		};
		E995A41C209A25BE000EB94A /* Release */ = {
			isa = XCBuildConfiguration;
			baseConfigurationReference = 2D38BED75836A4D4E7A72B86 /* Pods-WaaZi TVUITests.release.xcconfig */;
			buildSettings = {
				ALWAYS_EMBED_SWIFT_STANDARD_LIBRARIES = YES;
				CODE_SIGN_STYLE = Automatic;
				INFOPLIST_FILE = "WaaZi TVUITests/Info.plist";
				LD_RUNPATH_SEARCH_PATHS = "$(inherited) @executable_path/Frameworks @loader_path/Frameworks";
				PRODUCT_BUNDLE_IDENTIFIER = "com.test.WaaZi-TVUITests";
				PRODUCT_NAME = "$(TARGET_NAME)";
				SWIFT_VERSION = 4.0;
				TARGETED_DEVICE_FAMILY = "1,2";
				TEST_TARGET_NAME = "WaaZi TV";
			};
			name = Release;
		};
/* End XCBuildConfiguration section */

/* Begin XCConfigurationList section */
		E995A3E7209A25BE000EB94A /* Build configuration list for PBXProject "WaaZi TV" */ = {
			isa = XCConfigurationList;
			buildConfigurations = (
				E995A412209A25BE000EB94A /* Debug */,
				E995A413209A25BE000EB94A /* Release */,
			);
			defaultConfigurationIsVisible = 0;
			defaultConfigurationName = Release;
		};
		E995A414209A25BE000EB94A /* Build configuration list for PBXNativeTarget "WaaZi TV" */ = {
			isa = XCConfigurationList;
			buildConfigurations = (
				E995A415209A25BE000EB94A /* Debug */,
				E995A416209A25BE000EB94A /* Release */,
			);
			defaultConfigurationIsVisible = 0;
			defaultConfigurationName = Release;
		};
		E995A417209A25BE000EB94A /* Build configuration list for PBXNativeTarget "WaaZi TVTests" */ = {
			isa = XCConfigurationList;
			buildConfigurations = (
				E995A418209A25BE000EB94A /* Debug */,
				E995A419209A25BE000EB94A /* Release */,
			);
			defaultConfigurationIsVisible = 0;
			defaultConfigurationName = Release;
		};
		E995A41A209A25BE000EB94A /* Build configuration list for PBXNativeTarget "WaaZi TVUITests" */ = {
			isa = XCConfigurationList;
			buildConfigurations = (
				E995A41B209A25BE000EB94A /* Debug */,
				E995A41C209A25BE000EB94A /* Release */,
			);
			defaultConfigurationIsVisible = 0;
			defaultConfigurationName = Release;
		};
/* End XCConfigurationList section */
	};
	rootObject = E995A3E4209A25BE000EB94A /* Project object */;
}
